// !$*UTF8*$!
{
	archiveVersion = 1;
	classes = {
	};
	objectVersion = 56;
	objects = {

/* Begin PBXBuildFile section */
		981D6CF62E527B7D007E372B /* DisplayInfoSettingView.swift in Sources */ = {isa = PBXBuildFile; fileRef = 981D6CF52E527B7D007E372B /* DisplayInfoSettingView.swift */; };
		981D6D1B2E529040007E372B /* SchoolListView.swift in Sources */ = {isa = PBXBuildFile; fileRef = 981D6D1A2E529040007E372B /* SchoolListView.swift */; };
		9842B8E82E51BBCD000F16FF /* GenralSettingsView.swift in Sources */ = {isa = PBXBuildFile; fileRef = 9842B8E72E51BBCD000F16FF /* GenralSettingsView.swift */; };
		9842B8EA2E51D57B000F16FF /* AboutThisAppView.swift in Sources */ = {isa = PBXBuildFile; fileRef = 9842B8E92E51D57B000F16FF /* AboutThisAppView.swift */; };
		9842B8EC2E51DB91000F16FF /* DisplayViewSettingView.swift in Sources */ = {isa = PBXBuildFile; fileRef = 9842B8EB2E51DB91000F16FF /* DisplayViewSettingView.swift */; };
		984396462E4EF10D000EA314 /* Assignment.swift in Sources */ = {isa = PBXBuildFile; fileRef = 984396452E4EF10D000EA314 /* Assignment.swift */; };
		9843966D2E4EF9A6000EA314 /* School.swift in Sources */ = {isa = PBXBuildFile; fileRef = 9843966C2E4EF9A6000EA314 /* School.swift */; };
		9843966F2E4EFCC5000EA314 /* DefaultSchools.plist in Resources */ = {isa = PBXBuildFile; fileRef = 9843966E2E4EFCC5000EA314 /* DefaultSchools.plist */; };
		9856C4912B6754A30071ED67 /* TimeModule.swift in Sources */ = {isa = PBXBuildFile; fileRef = 9856C4902B6754A30071ED67 /* TimeModule.swift */; };
		9856C4932B68B7D70071ED67 /* Timetables.swift in Sources */ = {isa = PBXBuildFile; fileRef = 9856C4922B68B7D70071ED67 /* Timetables.swift */; };
		9861C6742B54CC540071A719 /* SettingRootView.swift in Sources */ = {isa = PBXBuildFile; fileRef = 9861C6732B54CC540071A719 /* SettingRootView.swift */; };
		986302502B51602000D71F41 /* ConditionSetting.swift in Sources */ = {isa = PBXBuildFile; fileRef = 9863024F2B51602000D71F41 /* ConditionSetting.swift */; };
		986302522B516CBE00D71F41 /* Slider.swift in Sources */ = {isa = PBXBuildFile; fileRef = 986302512B516CBE00D71F41 /* Slider.swift */; };
		986806632E54433700611B8B /* SchoolDetailView.swift in Sources */ = {isa = PBXBuildFile; fileRef = 986806622E54433700611B8B /* SchoolDetailView.swift */; };
		986806882E54953C00611B8B /* TimetableListView.swift in Sources */ = {isa = PBXBuildFile; fileRef = 986806872E54953C00611B8B /* TimetableListView.swift */; };
		9868068A2E54A1C900611B8B /* TimetableDetailView.swift in Sources */ = {isa = PBXBuildFile; fileRef = 986806892E54A1C900611B8B /* TimetableDetailView.swift */; };
		98731BD32B5A2AFF001EBC55 /* UserPreference.swift in Sources */ = {isa = PBXBuildFile; fileRef = 98731BD22B5A2AFF001EBC55 /* UserPreference.swift */; };
		9891A5FA2B50DE330033C19A /* Timetable2App.swift in Sources */ = {isa = PBXBuildFile; fileRef = 9891A5F92B50DE330033C19A /* Timetable2App.swift */; };
		9891A5FC2B50DE330033C19A /* ContentView.swift in Sources */ = {isa = PBXBuildFile; fileRef = 9891A5FB2B50DE330033C19A /* ContentView.swift */; };
		9891A6002B50DE340033C19A /* Assets.xcassets in Resources */ = {isa = PBXBuildFile; fileRef = 9891A5FF2B50DE340033C19A /* Assets.xcassets */; };
		9891A6032B50DE340033C19A /* Preview Assets.xcassets in Resources */ = {isa = PBXBuildFile; fileRef = 9891A6022B50DE340033C19A /* Preview Assets.xcassets */; };
		9891A6152B50F7440033C19A /* Course.swift in Sources */ = {isa = PBXBuildFile; fileRef = 9891A6142B50F7440033C19A /* Course.swift */; };
		9891A61D2B5131D80033C19A /* CourseView.swift in Sources */ = {isa = PBXBuildFile; fileRef = 9891A61C2B5131D80033C19A /* CourseView.swift */; };
		989C748E2B5501BF00C91B32 /* UnderConstruction.swift in Sources */ = {isa = PBXBuildFile; fileRef = 989C748D2B5501BF00C91B32 /* UnderConstruction.swift */; };
		989C74902B5502CB00C91B32 /* TimetableSetting.swift in Sources */ = {isa = PBXBuildFile; fileRef = 989C748F2B5502CB00C91B32 /* TimetableSetting.swift */; };
		989C74922B5512BA00C91B32 /* CourseSetting.swift in Sources */ = {isa = PBXBuildFile; fileRef = 989C74912B5512BA00C91B32 /* CourseSetting.swift */; };
		989C74942B55223400C91B32 /* NotificationSetting.swift in Sources */ = {isa = PBXBuildFile; fileRef = 989C74932B55223400C91B32 /* NotificationSetting.swift */; };
		98BAF7EF2B667EDD00DD2046 /* CourseListView.swift in Sources */ = {isa = PBXBuildFile; fileRef = 98BAF7EE2B667EDD00DD2046 /* CourseListView.swift */; };
		98C44CAF2B8CA92A00A14F12 /* DashboardView.swift in Sources */ = {isa = PBXBuildFile; fileRef = 98C44CAE2B8CA92A00A14F12 /* DashboardView.swift */; };
		98FB45AE2B60B73C00BAAE8E /* TimetableRootView.swift in Sources */ = {isa = PBXBuildFile; fileRef = 98FB45AD2B60B73C00BAAE8E /* TimetableRootView.swift */; };
		98FB45B12B60DCAD00BAAE8E /* DayView.swift in Sources */ = {isa = PBXBuildFile; fileRef = 98FB45B02B60DCAD00BAAE8E /* DayView.swift */; };
/* End PBXBuildFile section */

/* Begin PBXFileReference section */
		981D6CF52E527B7D007E372B /* DisplayInfoSettingView.swift */ = {isa = PBXFileReference; lastKnownFileType = sourcecode.swift; path = DisplayInfoSettingView.swift; sourceTree = "<group>"; };
		981D6D1A2E529040007E372B /* SchoolListView.swift */ = {isa = PBXFileReference; lastKnownFileType = sourcecode.swift; path = SchoolListView.swift; sourceTree = "<group>"; };
		9842B8E72E51BBCD000F16FF /* GenralSettingsView.swift */ = {isa = PBXFileReference; lastKnownFileType = sourcecode.swift; path = GenralSettingsView.swift; sourceTree = "<group>"; };
		9842B8E92E51D57B000F16FF /* AboutThisAppView.swift */ = {isa = PBXFileReference; lastKnownFileType = sourcecode.swift; path = AboutThisAppView.swift; sourceTree = "<group>"; };
		9842B8EB2E51DB91000F16FF /* DisplayViewSettingView.swift */ = {isa = PBXFileReference; lastKnownFileType = sourcecode.swift; path = DisplayViewSettingView.swift; sourceTree = "<group>"; };
		984396452E4EF10D000EA314 /* Assignment.swift */ = {isa = PBXFileReference; lastKnownFileType = sourcecode.swift; path = Assignment.swift; sourceTree = "<group>"; };
		9843966C2E4EF9A6000EA314 /* School.swift */ = {isa = PBXFileReference; lastKnownFileType = sourcecode.swift; path = School.swift; sourceTree = "<group>"; };
		9843966E2E4EFCC5000EA314 /* DefaultSchools.plist */ = {isa = PBXFileReference; lastKnownFileType = text.plist.xml; path = DefaultSchools.plist; sourceTree = "<group>"; };
		9856C4902B6754A30071ED67 /* TimeModule.swift */ = {isa = PBXFileReference; lastKnownFileType = sourcecode.swift; path = TimeModule.swift; sourceTree = "<group>"; };
		9856C4922B68B7D70071ED67 /* Timetables.swift */ = {isa = PBXFileReference; lastKnownFileType = sourcecode.swift; path = Timetables.swift; sourceTree = "<group>"; };
		9861C6732B54CC540071A719 /* SettingRootView.swift */ = {isa = PBXFileReference; lastKnownFileType = sourcecode.swift; path = SettingRootView.swift; sourceTree = "<group>"; };
		9863024F2B51602000D71F41 /* ConditionSetting.swift */ = {isa = PBXFileReference; lastKnownFileType = sourcecode.swift; path = ConditionSetting.swift; sourceTree = "<group>"; };
		986302512B516CBE00D71F41 /* Slider.swift */ = {isa = PBXFileReference; lastKnownFileType = sourcecode.swift; path = Slider.swift; sourceTree = "<group>"; };
		986806622E54433700611B8B /* SchoolDetailView.swift */ = {isa = PBXFileReference; lastKnownFileType = sourcecode.swift; path = SchoolDetailView.swift; sourceTree = "<group>"; };
		986806872E54953C00611B8B /* TimetableListView.swift */ = {isa = PBXFileReference; lastKnownFileType = sourcecode.swift; path = TimetableListView.swift; sourceTree = "<group>"; };
		986806892E54A1C900611B8B /* TimetableDetailView.swift */ = {isa = PBXFileReference; lastKnownFileType = sourcecode.swift; path = TimetableDetailView.swift; sourceTree = "<group>"; };
		98731BD22B5A2AFF001EBC55 /* UserPreference.swift */ = {isa = PBXFileReference; lastKnownFileType = sourcecode.swift; path = UserPreference.swift; sourceTree = "<group>"; };
		9891A5F62B50DE330033C19A /* Timetable2.app */ = {isa = PBXFileReference; explicitFileType = wrapper.application; includeInIndex = 0; path = Timetable2.app; sourceTree = BUILT_PRODUCTS_DIR; };
		9891A5F92B50DE330033C19A /* Timetable2App.swift */ = {isa = PBXFileReference; lastKnownFileType = sourcecode.swift; path = Timetable2App.swift; sourceTree = "<group>"; };
		9891A5FB2B50DE330033C19A /* ContentView.swift */ = {isa = PBXFileReference; lastKnownFileType = sourcecode.swift; path = ContentView.swift; sourceTree = "<group>"; };
		9891A5FF2B50DE340033C19A /* Assets.xcassets */ = {isa = PBXFileReference; lastKnownFileType = folder.assetcatalog; path = Assets.xcassets; sourceTree = "<group>"; };
		9891A6022B50DE340033C19A /* Preview Assets.xcassets */ = {isa = PBXFileReference; lastKnownFileType = folder.assetcatalog; path = "Preview Assets.xcassets"; sourceTree = "<group>"; };
		9891A6142B50F7440033C19A /* Course.swift */ = {isa = PBXFileReference; lastKnownFileType = sourcecode.swift; path = Course.swift; sourceTree = "<group>"; };
		9891A61C2B5131D80033C19A /* CourseView.swift */ = {isa = PBXFileReference; lastKnownFileType = sourcecode.swift; path = CourseView.swift; sourceTree = "<group>"; };
		989C748D2B5501BF00C91B32 /* UnderConstruction.swift */ = {isa = PBXFileReference; lastKnownFileType = sourcecode.swift; path = UnderConstruction.swift; sourceTree = "<group>"; };
		989C748F2B5502CB00C91B32 /* TimetableSetting.swift */ = {isa = PBXFileReference; lastKnownFileType = sourcecode.swift; path = TimetableSetting.swift; sourceTree = "<group>"; };
		989C74912B5512BA00C91B32 /* CourseSetting.swift */ = {isa = PBXFileReference; lastKnownFileType = sourcecode.swift; path = CourseSetting.swift; sourceTree = "<group>"; };
		989C74932B55223400C91B32 /* NotificationSetting.swift */ = {isa = PBXFileReference; lastKnownFileType = sourcecode.swift; path = NotificationSetting.swift; sourceTree = "<group>"; };
		98BAF7EE2B667EDD00DD2046 /* CourseListView.swift */ = {isa = PBXFileReference; lastKnownFileType = sourcecode.swift; path = CourseListView.swift; sourceTree = "<group>"; };
		98C44CAE2B8CA92A00A14F12 /* DashboardView.swift */ = {isa = PBXFileReference; lastKnownFileType = sourcecode.swift; path = DashboardView.swift; sourceTree = "<group>"; };
		98FB45AD2B60B73C00BAAE8E /* TimetableRootView.swift */ = {isa = PBXFileReference; lastKnownFileType = sourcecode.swift; path = TimetableRootView.swift; sourceTree = "<group>"; };
		98FB45B02B60DCAD00BAAE8E /* DayView.swift */ = {isa = PBXFileReference; lastKnownFileType = sourcecode.swift; path = DayView.swift; sourceTree = "<group>"; };
/* End PBXFileReference section */

/* Begin PBXFrameworksBuildPhase section */
		9891A5F32B50DE330033C19A /* Frameworks */ = {
			isa = PBXFrameworksBuildPhase;
			buildActionMask = 2147483647;
			files = (
			);
			runOnlyForDeploymentPostprocessing = 0;
		};
/* End PBXFrameworksBuildPhase section */

/* Begin PBXGroup section */
		9861C6722B54CC350071A719 /* SettingView */ = {
			isa = PBXGroup;
			children = (
				9863024F2B51602000D71F41 /* ConditionSetting.swift */,
				989C748F2B5502CB00C91B32 /* TimetableSetting.swift */,
				989C74912B5512BA00C91B32 /* CourseSetting.swift */,
				989C74932B55223400C91B32 /* NotificationSetting.swift */,
				9842B8E72E51BBCD000F16FF /* GenralSettingsView.swift */,
				9842B8E92E51D57B000F16FF /* AboutThisAppView.swift */,
				9842B8EB2E51DB91000F16FF /* DisplayViewSettingView.swift */,
				981D6CF52E527B7D007E372B /* DisplayInfoSettingView.swift */,
				981D6D1A2E529040007E372B /* SchoolListView.swift */,
				986806622E54433700611B8B /* SchoolDetailView.swift */,
				986806872E54953C00611B8B /* TimetableListView.swift */,
				986806892E54A1C900611B8B /* TimetableDetailView.swift */,
			);
			path = SettingView;
			sourceTree = "<group>";
		};
		986302532B516CD900D71F41 /* Component */ = {
			isa = PBXGroup;
			children = (
				986302512B516CBE00D71F41 /* Slider.swift */,
				989C748D2B5501BF00C91B32 /* UnderConstruction.swift */,
			);
			path = Component;
			sourceTree = "<group>";
		};
		98731BD42B5A2D02001EBC55 /* Rec */ = {
			isa = PBXGroup;
			children = (
				98731BD22B5A2AFF001EBC55 /* UserPreference.swift */,
				9856C4902B6754A30071ED67 /* TimeModule.swift */,
			);
			path = Rec;
			sourceTree = "<group>";
		};
		9891A5ED2B50DE330033C19A = {
			isa = PBXGroup;
			children = (
				9891A5F82B50DE330033C19A /* Timetable2 */,
				9891A5F72B50DE330033C19A /* Products */,
			);
			sourceTree = "<group>";
		};
		9891A5F72B50DE330033C19A /* Products */ = {
			isa = PBXGroup;
			children = (
				9891A5F62B50DE330033C19A /* Timetable2.app */,
			);
			name = Products;
			sourceTree = "<group>";
		};
		9891A5F82B50DE330033C19A /* Timetable2 */ = {
			isa = PBXGroup;
			children = (
				9891A5F92B50DE330033C19A /* Timetable2App.swift */,
				98731BD42B5A2D02001EBC55 /* Rec */,
				9891A6092B50DE7E0033C19A /* Data Model */,
				9891A60A2B50DECE0033C19A /* View */,
				9891A5FF2B50DE340033C19A /* Assets.xcassets */,
				9891A6012B50DE340033C19A /* Preview Content */,
			);
			path = Timetable2;
			sourceTree = "<group>";
		};
		9891A6012B50DE340033C19A /* Preview Content */ = {
			isa = PBXGroup;
			children = (
				9891A6022B50DE340033C19A /* Preview Assets.xcassets */,
			);
			path = "Preview Content";
			sourceTree = "<group>";
		};
		9891A6092B50DE7E0033C19A /* Data Model */ = {
			isa = PBXGroup;
			children = (
				9856C4922B68B7D70071ED67 /* Timetables.swift */,
				9891A6142B50F7440033C19A /* Course.swift */,
				984396452E4EF10D000EA314 /* Assignment.swift */,
				9843966C2E4EF9A6000EA314 /* School.swift */,
				9843966E2E4EFCC5000EA314 /* DefaultSchools.plist */,
			);
			path = "Data Model";
			sourceTree = "<group>";
		};
		9891A60A2B50DECE0033C19A /* View */ = {
			isa = PBXGroup;
			children = (
				986302532B516CD900D71F41 /* Component */,
				9891A5FB2B50DE330033C19A /* ContentView.swift */,
				9861C6732B54CC540071A719 /* SettingRootView.swift */,
				9861C6722B54CC350071A719 /* SettingView */,
				98FB45AD2B60B73C00BAAE8E /* TimetableRootView.swift */,
				98FB45AF2B60DC7E00BAAE8E /* TimetableView */,
				9891A61C2B5131D80033C19A /* CourseView.swift */,
				98BAF7EE2B667EDD00DD2046 /* CourseListView.swift */,
				98C44CAE2B8CA92A00A14F12 /* DashboardView.swift */,
			);
			path = View;
			sourceTree = "<group>";
		};
		98FB45AF2B60DC7E00BAAE8E /* TimetableView */ = {
			isa = PBXGroup;
			children = (
				98FB45B02B60DCAD00BAAE8E /* DayView.swift */,
			);
			path = TimetableView;
			sourceTree = "<group>";
		};
/* End PBXGroup section */

/* Begin PBXNativeTarget section */
		9891A5F52B50DE330033C19A /* Timetable2 */ = {
			isa = PBXNativeTarget;
			buildConfigurationList = 9891A6062B50DE340033C19A /* Build configuration list for PBXNativeTarget "Timetable2" */;
			buildPhases = (
				9891A5F22B50DE330033C19A /* Sources */,
				9891A5F32B50DE330033C19A /* Frameworks */,
				9891A5F42B50DE330033C19A /* Resources */,
			);
			buildRules = (
			);
			dependencies = (
			);
			name = Timetable2;
			productName = Timetable2;
			productReference = 9891A5F62B50DE330033C19A /* Timetable2.app */;
			productType = "com.apple.product-type.application";
		};
/* End PBXNativeTarget section */

/* Begin PBXProject section */
		9891A5EE2B50DE330033C19A /* Project object */ = {
			isa = PBXProject;
			attributes = {
				BuildIndependentTargetsInParallel = 1;
				LastSwiftUpdateCheck = 1520;
				LastUpgradeCheck = 1520;
				TargetAttributes = {
					9891A5F52B50DE330033C19A = {
						CreatedOnToolsVersion = 15.2;
					};
				};
			};
			buildConfigurationList = 9891A5F12B50DE330033C19A /* Build configuration list for PBXProject "Timetable2" */;
			compatibilityVersion = "Xcode 14.0";
			developmentRegion = en;
			hasScannedForEncodings = 0;
			knownRegions = (
				en,
				Base,
			);
			mainGroup = 9891A5ED2B50DE330033C19A;
			productRefGroup = 9891A5F72B50DE330033C19A /* Products */;
			projectDirPath = "";
			projectRoot = "";
			targets = (
				9891A5F52B50DE330033C19A /* Timetable2 */,
			);
		};
/* End PBXProject section */

/* Begin PBXResourcesBuildPhase section */
		9891A5F42B50DE330033C19A /* Resources */ = {
			isa = PBXResourcesBuildPhase;
			buildActionMask = 2147483647;
			files = (
				9891A6032B50DE340033C19A /* Preview Assets.xcassets in Resources */,
				9843966F2E4EFCC5000EA314 /* DefaultSchools.plist in Resources */,
				9891A6002B50DE340033C19A /* Assets.xcassets in Resources */,
			);
			runOnlyForDeploymentPostprocessing = 0;
		};
/* End PBXResourcesBuildPhase section */

/* Begin PBXSourcesBuildPhase section */
		9891A5F22B50DE330033C19A /* Sources */ = {
			isa = PBXSourcesBuildPhase;
			buildActionMask = 2147483647;
			files = (
				984396462E4EF10D000EA314 /* Assignment.swift in Sources */,
				9891A5FC2B50DE330033C19A /* ContentView.swift in Sources */,
				986302502B51602000D71F41 /* ConditionSetting.swift in Sources */,
				9843966D2E4EF9A6000EA314 /* School.swift in Sources */,
				9856C4912B6754A30071ED67 /* TimeModule.swift in Sources */,
				986806882E54953C00611B8B /* TimetableListView.swift in Sources */,
				98FB45AE2B60B73C00BAAE8E /* TimetableRootView.swift in Sources */,
				98C44CAF2B8CA92A00A14F12 /* DashboardView.swift in Sources */,
				989C74902B5502CB00C91B32 /* TimetableSetting.swift in Sources */,
				98BAF7EF2B667EDD00DD2046 /* CourseListView.swift in Sources */,
				986302522B516CBE00D71F41 /* Slider.swift in Sources */,
				981D6CF62E527B7D007E372B /* DisplayInfoSettingView.swift in Sources */,
				9842B8EA2E51D57B000F16FF /* AboutThisAppView.swift in Sources */,
				9891A61D2B5131D80033C19A /* CourseView.swift in Sources */,
				986806632E54433700611B8B /* SchoolDetailView.swift in Sources */,
				9856C4932B68B7D70071ED67 /* Timetables.swift in Sources */,
				9861C6742B54CC540071A719 /* SettingRootView.swift in Sources */,
				989C748E2B5501BF00C91B32 /* UnderConstruction.swift in Sources */,
				981D6D1B2E529040007E372B /* SchoolListView.swift in Sources */,
				989C74942B55223400C91B32 /* NotificationSetting.swift in Sources */,
				98731BD32B5A2AFF001EBC55 /* UserPreference.swift in Sources */,
				9868068A2E54A1C900611B8B /* TimetableDetailView.swift in Sources */,
				9891A6152B50F7440033C19A /* Course.swift in Sources */,
				989C74922B5512BA00C91B32 /* CourseSetting.swift in Sources */,
				9842B8EC2E51DB91000F16FF /* DisplayViewSettingView.swift in Sources */,
				9891A5FA2B50DE330033C19A /* Timetable2App.swift in Sources */,
				98FB45B12B60DCAD00BAAE8E /* DayView.swift in Sources */,
				9842B8E82E51BBCD000F16FF /* GenralSettingsView.swift in Sources */,
			);
			runOnlyForDeploymentPostprocessing = 0;
		};
/* End PBXSourcesBuildPhase section */

/* Begin XCBuildConfiguration section */
		9891A6042B50DE340033C19A /* Debug */ = {
			isa = XCBuildConfiguration;
			buildSettings = {
				ALWAYS_SEARCH_USER_PATHS = NO;
				ASSETCATALOG_COMPILER_GENERATE_SWIFT_ASSET_SYMBOL_EXTENSIONS = YES;
				CLANG_ANALYZER_NONNULL = YES;
				CLANG_ANALYZER_NUMBER_OBJECT_CONVERSION = YES_AGGRESSIVE;
				CLANG_CXX_LANGUAGE_STANDARD = "gnu++20";
				CLANG_ENABLE_MODULES = YES;
				CLANG_ENABLE_OBJC_ARC = YES;
				CLANG_ENABLE_OBJC_WEAK = YES;
				CLANG_WARN_BLOCK_CAPTURE_AUTORELEASING = YES;
				CLANG_WARN_BOOL_CONVERSION = YES;
				CLANG_WARN_COMMA = YES;
				CLANG_WARN_CONSTANT_CONVERSION = YES;
				CLANG_WARN_DEPRECATED_OBJC_IMPLEMENTATIONS = YES;
				CLANG_WARN_DIRECT_OBJC_ISA_USAGE = YES_ERROR;
				CLANG_WARN_DOCUMENTATION_COMMENTS = YES;
				CLANG_WARN_EMPTY_BODY = YES;
				CLANG_WARN_ENUM_CONVERSION = YES;
				CLANG_WARN_INFINITE_RECURSION = YES;
				CLANG_WARN_INT_CONVERSION = YES;
				CLANG_WARN_NON_LITERAL_NULL_CONVERSION = YES;
				CLANG_WARN_OBJC_IMPLICIT_RETAIN_SELF = YES;
				CLANG_WARN_OBJC_LITERAL_CONVERSION = YES;
				CLANG_WARN_OBJC_ROOT_CLASS = YES_ERROR;
				CLANG_WARN_QUOTED_INCLUDE_IN_FRAMEWORK_HEADER = YES;
				CLANG_WARN_RANGE_LOOP_ANALYSIS = YES;
				CLANG_WARN_STRICT_PROTOTYPES = YES;
				CLANG_WARN_SUSPICIOUS_MOVE = YES;
				CLANG_WARN_UNGUARDED_AVAILABILITY = YES_AGGRESSIVE;
				CLANG_WARN_UNREACHABLE_CODE = YES;
				CLANG_WARN__DUPLICATE_METHOD_MATCH = YES;
				COPY_PHASE_STRIP = NO;
				DEBUG_INFORMATION_FORMAT = dwarf;
				ENABLE_STRICT_OBJC_MSGSEND = YES;
				ENABLE_TESTABILITY = YES;
				ENABLE_USER_SCRIPT_SANDBOXING = YES;
				GCC_C_LANGUAGE_STANDARD = gnu17;
				GCC_DYNAMIC_NO_PIC = NO;
				GCC_NO_COMMON_BLOCKS = YES;
				GCC_OPTIMIZATION_LEVEL = 0;
				GCC_PREPROCESSOR_DEFINITIONS = (
					"DEBUG=1",
					"$(inherited)",
				);
				GCC_WARN_64_TO_32_BIT_CONVERSION = YES;
				GCC_WARN_ABOUT_RETURN_TYPE = YES_ERROR;
				GCC_WARN_UNDECLARED_SELECTOR = YES;
				GCC_WARN_UNINITIALIZED_AUTOS = YES_AGGRESSIVE;
				GCC_WARN_UNUSED_FUNCTION = YES;
				GCC_WARN_UNUSED_VARIABLE = YES;
				IPHONEOS_DEPLOYMENT_TARGET = 17.2;
				LOCALIZATION_PREFERS_STRING_CATALOGS = YES;
				MTL_ENABLE_DEBUG_INFO = INCLUDE_SOURCE;
				MTL_FAST_MATH = YES;
				ONLY_ACTIVE_ARCH = YES;
				SDKROOT = iphoneos;
				SWIFT_ACTIVE_COMPILATION_CONDITIONS = "DEBUG $(inherited)";
				SWIFT_ENABLED_BATCH_MODE = NO;
				SWIFT_OPTIMIZATION_LEVEL = "-Onone";
			};
			name = Debug;
		};
		9891A6052B50DE340033C19A /* Release */ = {
			isa = XCBuildConfiguration;
			buildSettings = {
				ALWAYS_SEARCH_USER_PATHS = NO;
				ASSETCATALOG_COMPILER_GENERATE_SWIFT_ASSET_SYMBOL_EXTENSIONS = YES;
				CLANG_ANALYZER_NONNULL = YES;
				CLANG_ANALYZER_NUMBER_OBJECT_CONVERSION = YES_AGGRESSIVE;
				CLANG_CXX_LANGUAGE_STANDARD = "gnu++20";
				CLANG_ENABLE_MODULES = YES;
				CLANG_ENABLE_OBJC_ARC = YES;
				CLANG_ENABLE_OBJC_WEAK = YES;
				CLANG_WARN_BLOCK_CAPTURE_AUTORELEASING = YES;
				CLANG_WARN_BOOL_CONVERSION = YES;
				CLANG_WARN_COMMA = YES;
				CLANG_WARN_CONSTANT_CONVERSION = YES;
				CLANG_WARN_DEPRECATED_OBJC_IMPLEMENTATIONS = YES;
				CLANG_WARN_DIRECT_OBJC_ISA_USAGE = YES_ERROR;
				CLANG_WARN_DOCUMENTATION_COMMENTS = YES;
				CLANG_WARN_EMPTY_BODY = YES;
				CLANG_WARN_ENUM_CONVERSION = YES;
				CLANG_WARN_INFINITE_RECURSION = YES;
				CLANG_WARN_INT_CONVERSION = YES;
				CLANG_WARN_NON_LITERAL_NULL_CONVERSION = YES;
				CLANG_WARN_OBJC_IMPLICIT_RETAIN_SELF = YES;
				CLANG_WARN_OBJC_LITERAL_CONVERSION = YES;
				CLANG_WARN_OBJC_ROOT_CLASS = YES_ERROR;
				CLANG_WARN_QUOTED_INCLUDE_IN_FRAMEWORK_HEADER = YES;
				CLANG_WARN_RANGE_LOOP_ANALYSIS = YES;
				CLANG_WARN_STRICT_PROTOTYPES = YES;
				CLANG_WARN_SUSPICIOUS_MOVE = YES;
				CLANG_WARN_UNGUARDED_AVAILABILITY = YES_AGGRESSIVE;
				CLANG_WARN_UNREACHABLE_CODE = YES;
				CLANG_WARN__DUPLICATE_METHOD_MATCH = YES;
				COPY_PHASE_STRIP = NO;
				DEBUG_INFORMATION_FORMAT = "dwarf-with-dsym";
				ENABLE_NS_ASSERTIONS = NO;
				ENABLE_STRICT_OBJC_MSGSEND = YES;
				ENABLE_USER_SCRIPT_SANDBOXING = YES;
				GCC_C_LANGUAGE_STANDARD = gnu17;
				GCC_NO_COMMON_BLOCKS = YES;
				GCC_WARN_64_TO_32_BIT_CONVERSION = YES;
				GCC_WARN_ABOUT_RETURN_TYPE = YES_ERROR;
				GCC_WARN_UNDECLARED_SELECTOR = YES;
				GCC_WARN_UNINITIALIZED_AUTOS = YES_AGGRESSIVE;
				GCC_WARN_UNUSED_FUNCTION = YES;
				GCC_WARN_UNUSED_VARIABLE = YES;
				IPHONEOS_DEPLOYMENT_TARGET = 17.2;
				LOCALIZATION_PREFERS_STRING_CATALOGS = YES;
				MTL_ENABLE_DEBUG_INFO = NO;
				MTL_FAST_MATH = YES;
				SDKROOT = iphoneos;
				SWIFT_COMPILATION_MODE = wholemodule;
				SWIFT_ENABLED_BATCH_MODE = NO;
				VALIDATE_PRODUCT = YES;
			};
			name = Release;
		};
		9891A6072B50DE340033C19A /* Debug */ = {
			isa = XCBuildConfiguration;
			buildSettings = {
				ASSETCATALOG_COMPILER_APPICON_NAME = AppIcon;
				ASSETCATALOG_COMPILER_GLOBAL_ACCENT_COLOR_NAME = AccentColor;
				CODE_SIGN_STYLE = Automatic;
				CURRENT_PROJECT_VERSION = 1;
				DEVELOPMENT_ASSET_PATHS = "\"Timetable2/Preview Content\"";
				DEVELOPMENT_TEAM = SJQ2XL2LZ7;
				ENABLE_PREVIEWS = YES;
				GENERATE_INFOPLIST_FILE = YES;
				INFOPLIST_KEY_CFBundleDisplayName = Timetable;
				INFOPLIST_KEY_LSApplicationCategoryType = "public.app-category.education";
				INFOPLIST_KEY_UIApplicationSceneManifest_Generation = YES;
				INFOPLIST_KEY_UIApplicationSupportsIndirectInputEvents = YES;
				INFOPLIST_KEY_UILaunchScreen_Generation = YES;
				INFOPLIST_KEY_UISupportedInterfaceOrientations_iPad = "UIInterfaceOrientationPortrait UIInterfaceOrientationPortraitUpsideDown UIInterfaceOrientationLandscapeLeft UIInterfaceOrientationLandscapeRight";
				INFOPLIST_KEY_UISupportedInterfaceOrientations_iPhone = "UIInterfaceOrientationPortrait UIInterfaceOrientationLandscapeLeft UIInterfaceOrientationLandscapeRight";
				IPHONEOS_DEPLOYMENT_TARGET = 17.0;
				LD_RUNPATH_SEARCH_PATHS = (
					"$(inherited)",
					"@executable_path/Frameworks",
				);
				MARKETING_VERSION = 1;
				PRODUCT_BUNDLE_IDENTIFIER = sshortd.Timetable2;
				PRODUCT_NAME = "$(TARGET_NAME)";
				SUPPORTED_PLATFORMS = "iphoneos iphonesimulator";
				SUPPORTS_MACCATALYST = NO;
				SUPPORTS_XR_DESIGNED_FOR_IPHONE_IPAD = NO;
				SWIFT_EMIT_LOC_STRINGS = YES;
				SWIFT_VERSION = 5.0;
				TARGETED_DEVICE_FAMILY = "1,2";
			};
			name = Debug;
		};
		9891A6082B50DE340033C19A /* Release */ = {
			isa = XCBuildConfiguration;
			buildSettings = {
				ASSETCATALOG_COMPILER_APPICON_NAME = AppIcon;
				ASSETCATALOG_COMPILER_GLOBAL_ACCENT_COLOR_NAME = AccentColor;
				CODE_SIGN_STYLE = Automatic;
				CURRENT_PROJECT_VERSION = 1;
				DEVELOPMENT_ASSET_PATHS = "\"Timetable2/Preview Content\"";
				DEVELOPMENT_TEAM = SJQ2XL2LZ7;
				ENABLE_PREVIEWS = YES;
				GENERATE_INFOPLIST_FILE = YES;
				INFOPLIST_KEY_CFBundleDisplayName = Timetable;
				INFOPLIST_KEY_LSApplicationCategoryType = "public.app-category.education";
				INFOPLIST_KEY_UIApplicationSceneManifest_Generation = YES;
				INFOPLIST_KEY_UIApplicationSupportsIndirectInputEvents = YES;
				INFOPLIST_KEY_UILaunchScreen_Generation = YES;
				INFOPLIST_KEY_UISupportedInterfaceOrientations_iPad = "UIInterfaceOrientationPortrait UIInterfaceOrientationPortraitUpsideDown UIInterfaceOrientationLandscapeLeft UIInterfaceOrientationLandscapeRight";
				INFOPLIST_KEY_UISupportedInterfaceOrientations_iPhone = "UIInterfaceOrientationPortrait UIInterfaceOrientationLandscapeLeft UIInterfaceOrientationLandscapeRight";
				IPHONEOS_DEPLOYMENT_TARGET = 17.0;
				LD_RUNPATH_SEARCH_PATHS = (
					"$(inherited)",
					"@executable_path/Frameworks",
				);
				MARKETING_VERSION = 1;
				PRODUCT_BUNDLE_IDENTIFIER = sshortd.Timetable2;
				PRODUCT_NAME = "$(TARGET_NAME)";
				SUPPORTED_PLATFORMS = "iphoneos iphonesimulator";
				SUPPORTS_MACCATALYST = NO;
				SUPPORTS_XR_DESIGNED_FOR_IPHONE_IPAD = NO;
				SWIFT_EMIT_LOC_STRINGS = YES;
				SWIFT_VERSION = 5.0;
				TARGETED_DEVICE_FAMILY = "1,2";
			};
			name = Release;
		};
/* End XCBuildConfiguration section */

/* Begin XCConfigurationList section */
		9891A5F12B50DE330033C19A /* Build configuration list for PBXProject "Timetable2" */ = {
			isa = XCConfigurationList;
			buildConfigurations = (
				9891A6042B50DE340033C19A /* Debug */,
				9891A6052B50DE340033C19A /* Release */,
			);
			defaultConfigurationIsVisible = 0;
			defaultConfigurationName = Release;
		};
		9891A6062B50DE340033C19A /* Build configuration list for PBXNativeTarget "Timetable2" */ = {
			isa = XCConfigurationList;
			buildConfigurations = (
				9891A6072B50DE340033C19A /* Debug */,
				9891A6082B50DE340033C19A /* Release */,
			);
			defaultConfigurationIsVisible = 0;
			defaultConfigurationName = Release;
		};
/* End XCConfigurationList section */
	};
	rootObject = 9891A5EE2B50DE330033C19A /* Project object */;
}
